
Microsoft Visual Studio Solution File, Format Version 12.00
# Visual Studio Version 17
VisualStudioVersion = 17.4.33403.182
MinimumVisualStudioVersion = 10.0.40219.1
Project("{FAE04EC0-301F-11D3-BF4B-00C04F79EFBC}") = "Homework-9p", "Homework-9p\Homework-9p.csproj", "{CEA34F13-4EFB-4788-8AE7-F385673F387E}"
EndProject
Global
	GlobalSection(SolutionConfigurationPlatforms) = preSolution
		Debug|Any CPU = Debug|Any CPU
		Release|Any CPU = Release|Any CPU
	EndGlobalSection
	GlobalSection(ProjectConfigurationPlatforms) = postSolution
		{CEA34F13-4EFB-4788-8AE7-F385673F387E}.Debug|Any CPU.ActiveCfg = Debug|Any CPU
		{CEA34F13-4EFB-4788-8AE7-F385673F387E}.Debug|Any CPU.Build.0 = Debug|Any CPU
		{CEA34F13-4EFB-4788-8AE7-F385673F387E}.Release|Any CPU.ActiveCfg = Release|Any CPU
		{CEA34F13-4EFB-4788-8AE7-F385673F387E}.Release|Any CPU.Build.0 = Release|Any CPU
	EndGlobalSection
	GlobalSection(SolutionProperties) = preSolution
		HideSolutionNode = FALSE
	EndGlobalSection
	GlobalSection(ExtensibilityGlobals) = postSolution
		SolutionGuid = {F727BE3E-B1D6-4B6B-86CC-9A6ACE30BC6F}
	EndGlobalSection
EndGlobal
